
Microsoft Visual Studio Solution File, Format Version 12.00
Project("{FAE04EC0-301F-11D3-BF4B-00C04F79EFBC}") = "Shopper.Web.Api", "Shopper.Web.Api\Shopper.Web.Api.csproj", "{DCC1C7C8-74AC-414F-94A0-C9D741C38ADE}"
EndProject
Project("{FAE04EC0-301F-11D3-BF4B-00C04F79EFBC}") = "Shopper.Web.Ui", "Shopper.Web.Ui\Shopper.Web.Ui.csproj", "{1EC5DACA-E7EE-403F-810E-5338C1032D7B}"
EndProject
Global
	GlobalSection(SolutionConfigurationPlatforms) = preSolution
		Debug|Any CPU = Debug|Any CPU
		Release|Any CPU = Release|Any CPU
	EndGlobalSection
	GlobalSection(ProjectConfigurationPlatforms) = postSolution
		{DCC1C7C8-74AC-414F-94A0-C9D741C38ADE}.Debug|Any CPU.ActiveCfg = Debug|Any CPU
		{DCC1C7C8-74AC-414F-94A0-C9D741C38ADE}.Debug|Any CPU.Build.0 = Debug|Any CPU
		{DCC1C7C8-74AC-414F-94A0-C9D741C38ADE}.Release|Any CPU.ActiveCfg = Release|Any CPU
		{DCC1C7C8-74AC-414F-94A0-C9D741C38ADE}.Release|Any CPU.Build.0 = Release|Any CPU
		{1EC5DACA-E7EE-403F-810E-5338C1032D7B}.Debug|Any CPU.ActiveCfg = Debug|Any CPU
		{1EC5DACA-E7EE-403F-810E-5338C1032D7B}.Debug|Any CPU.Build.0 = Debug|Any CPU
		{1EC5DACA-E7EE-403F-810E-5338C1032D7B}.Release|Any CPU.ActiveCfg = Release|Any CPU
		{1EC5DACA-E7EE-403F-810E-5338C1032D7B}.Release|Any CPU.Build.0 = Release|Any CPU
	EndGlobalSection
EndGlobal
